{
    "Election File": "C:\\Users\\Brendan Kenna\\GitHub\\TaskTide\\tasktide\\tasktide\\ItemStore-Mutex\\Queue\\1770895270628.10-171-238-13_db159112-02e6-4d96-b0e6-f5b94c759c29_6885cc5c-84db-4e1a-83fb-40045f218aec.lock",
    "End Jitter": "PT0.405S",
    "Host File": "C:\\Users\\Brendan Kenna\\GitHub\\TaskTide\\tasktide\\tasktide\\ItemStore-Mutex\\Host-Lock\\1770895270628.10-171-238-13_db159112-02e6-4d96-b0e6-f5b94c759c29.lock",
    "Id": "6885cc5c-84db-4e1a-83fb-40045f218aec",
    "Lock Dir": "C:\\Users\\Brendan Kenna\\GitHub\\TaskTide\\tasktide\\tasktide\\ItemStore-Mutex",
    "Lock File": "C:\\Users\\Brendan Kenna\\GitHub\\TaskTide\\tasktide\\tasktide\\ItemStore-Mutex\\lock-file.lock",
    "Mutex State": "HOST_LOCKED",
    "Retry Interval": "PT0.062S",
    "Stale File Threshold": "PT10S",
    "Start Jitter": "PT0.297S",
    "Timestamp": 1770895270628
}