{
    "Election File": "C:\\Users\\Brendan Kenna\\GitHub\\TaskTide\\tasktide\\itemstore\\ItemStore-Mutex\\Queue\\1770663163002.10-171-238-13_1165d68b-ce8e-44db-bd41-ea6acf6651c2_cdb8f482-a698-4038-a515-5bf5846eb88b.lock",
    "End Jitter": "PT0.244S",
    "Host File": "C:\\Users\\Brendan Kenna\\GitHub\\TaskTide\\tasktide\\itemstore\\ItemStore-Mutex\\Host-Lock\\1770663162978.10-171-238-13_1165d68b-ce8e-44db-bd41-ea6acf6651c2.lock",
    "Id": "cdb8f482-a698-4038-a515-5bf5846eb88b",
    "Lock Dir": "C:\\Users\\Brendan Kenna\\GitHub\\TaskTide\\tasktide\\itemstore\\ItemStore-Mutex",
    "Lock File": "C:\\Users\\Brendan Kenna\\GitHub\\TaskTide\\tasktide\\itemstore\\ItemStore-Mutex\\lock-file.lock",
    "Mutex State": "HOST_LOCKED",
    "Retry Interval": "PT0.02S",
    "Stale File Threshold": "PT10S",
    "Start Jitter": "PT0.1S",
    "Timestamp": 1770663163020
}