{
    "Election File": "C:\\Users\\Brendan Kenna\\GitHub\\TaskTide\\tasktide\\itemstore\\ItemStore-Mutex\\Queue\\1770411277211.172-25-0-1_f684bb61-557d-4247-b825-174442703bce_ec3f176e-881f-48f1-93fe-6177bdf292dd.lock",
    "End Jitter": "PT0.447S",
    "Host File": "C:\\Users\\Brendan Kenna\\GitHub\\TaskTide\\tasktide\\itemstore\\ItemStore-Mutex\\Host-Lock\\1770411277211.10-171-238-13_f684bb61-557d-4247-b825-174442703bce.lock",
    "Id": "ec3f176e-881f-48f1-93fe-6177bdf292dd",
    "Lock Dir": "C:\\Users\\Brendan Kenna\\GitHub\\TaskTide\\tasktide\\itemstore\\ItemStore-Mutex",
    "Lock File": "C:\\Users\\Brendan Kenna\\GitHub\\TaskTide\\tasktide\\itemstore\\ItemStore-Mutex\\lock-file.lock",
    "Mutex State": "HOST_LOCKED",
    "Retry Interval": "PT0.141S",
    "Stale File Threshold": "PT10S",
    "Start Jitter": "PT0.454S",
    "Timestamp": 1770411277232
}