{
    "Election File": "C:\\Users\\Brendan Kenna\\GitHub\\TaskTide\\tasktide\\itemstore\\ItemStore-Mutex\\1769782600168.10-56-75-13_06f823a8-f037-4e03-95b2-ab64a4b513c4.lock",
    "End Jitter": "PT0.355S",
    "Host File": "C:\\Users\\Brendan Kenna\\GitHub\\TaskTide\\tasktide\\itemstore\\ItemStore-Mutex\\Host-Lock\\1769782600167.10-56-75-13_06f823a8-f037-4e03-95b2-ab64a4b513c4.lock",
    "Id": "cf1508a0-f454-458c-aa73-07d83d1d52a6",
    "Lock Dir": "C:\\Users\\Brendan Kenna\\GitHub\\TaskTide\\tasktide\\itemstore\\ItemStore-Mutex",
    "Lock File": "C:\\Users\\Brendan Kenna\\GitHub\\TaskTide\\tasktide\\itemstore\\ItemStore-Mutex\\lock-file.lock",
    "Mutex State": "INITIALIZATION",
    "Retry Interval": "PT0.022S",
    "Stale File Threshold": "PT10S",
    "Start Jitter": "PT0.367S",
    "Timestamp": 1769782600169
}